
Microsoft Visual Studio Solution File, Format Version 12.00
# Visual Studio Version 17
VisualStudioVersion = 17.1.32210.238
MinimumVisualStudioVersion = 10.0.40219.1
Project("{FAE04EC0-301F-11D3-BF4B-00C04F79EFBC}") = "HashTable", "HashTable\HashTable.csproj", "{E6FB4982-7113-46C9-9423-7BBB58790E75}"
EndProject
Global
	GlobalSection(SolutionConfigurationPlatforms) = preSolution
		Debug|Any CPU = Debug|Any CPU
		Release|Any CPU = Release|Any CPU
	EndGlobalSection
	GlobalSection(ProjectConfigurationPlatforms) = postSolution
		{E6FB4982-7113-46C9-9423-7BBB58790E75}.Debug|Any CPU.ActiveCfg = Debug|Any CPU
		{E6FB4982-7113-46C9-9423-7BBB58790E75}.Debug|Any CPU.Build.0 = Debug|Any CPU
		{E6FB4982-7113-46C9-9423-7BBB58790E75}.Release|Any CPU.ActiveCfg = Release|Any CPU
		{E6FB4982-7113-46C9-9423-7BBB58790E75}.Release|Any CPU.Build.0 = Release|Any CPU
	EndGlobalSection
	GlobalSection(SolutionProperties) = preSolution
		HideSolutionNode = FALSE
	EndGlobalSection
	GlobalSection(ExtensibilityGlobals) = postSolution
		SolutionGuid = {C2F6A052-93A6-494E-8BB1-D50D274F28AE}
	EndGlobalSection
EndGlobal
